
Microsoft Visual Studio Solution File, Format Version 12.00
# Visual Studio Version 16
VisualStudioVersion = 16.0.31025.194
MinimumVisualStudioVersion = 10.0.40219.1
Project("{9A19103F-16F7-4668-BE54-9A1E7A4F7556}") = "DevIO.Business", "src\DevIO.Business\DevIO.Business.csproj", "{6162A7AA-3BF0-4582-84CF-4A1716A8EFBD}"
EndProject
Project("{9A19103F-16F7-4668-BE54-9A1E7A4F7556}") = "DevIO.Data", "src\DevIO.Data\DevIO.Data.csproj", "{ECC980BF-58E0-489D-B4AF-FBAA1088900B}"
EndProject
Project("{FAE04EC0-301F-11D3-BF4B-00C04F79EFBC}") = "DevIO.Api", "src\DevIO.Api\DevIO.Api.csproj", "{977E4783-CB42-4FC1-8FBB-522B0A62BC42}"
EndProject
Global
	GlobalSection(SolutionConfigurationPlatforms) = preSolution
		Debug|Any CPU = Debug|Any CPU
		Release|Any CPU = Release|Any CPU
	EndGlobalSection
	GlobalSection(ProjectConfigurationPlatforms) = postSolution
		{6162A7AA-3BF0-4582-84CF-4A1716A8EFBD}.Debug|Any CPU.ActiveCfg = Debug|Any CPU
		{6162A7AA-3BF0-4582-84CF-4A1716A8EFBD}.Debug|Any CPU.Build.0 = Debug|Any CPU
		{6162A7AA-3BF0-4582-84CF-4A1716A8EFBD}.Release|Any CPU.ActiveCfg = Release|Any CPU
		{6162A7AA-3BF0-4582-84CF-4A1716A8EFBD}.Release|Any CPU.Build.0 = Release|Any CPU
		{ECC980BF-58E0-489D-B4AF-FBAA1088900B}.Debug|Any CPU.ActiveCfg = Debug|Any CPU
		{ECC980BF-58E0-489D-B4AF-FBAA1088900B}.Debug|Any CPU.Build.0 = Debug|Any CPU
		{ECC980BF-58E0-489D-B4AF-FBAA1088900B}.Release|Any CPU.ActiveCfg = Release|Any CPU
		{ECC980BF-58E0-489D-B4AF-FBAA1088900B}.Release|Any CPU.Build.0 = Release|Any CPU
		{977E4783-CB42-4FC1-8FBB-522B0A62BC42}.Debug|Any CPU.ActiveCfg = Debug|Any CPU
		{977E4783-CB42-4FC1-8FBB-522B0A62BC42}.Debug|Any CPU.Build.0 = Debug|Any CPU
		{977E4783-CB42-4FC1-8FBB-522B0A62BC42}.Release|Any CPU.ActiveCfg = Release|Any CPU
		{977E4783-CB42-4FC1-8FBB-522B0A62BC42}.Release|Any CPU.Build.0 = Release|Any CPU
	EndGlobalSection
	GlobalSection(SolutionProperties) = preSolution
		HideSolutionNode = FALSE
	EndGlobalSection
	GlobalSection(ExtensibilityGlobals) = postSolution
		SolutionGuid = {CE38E49D-A149-4650-96F8-3D4BD64BBD21}
	EndGlobalSection
EndGlobal
